{
  "name": "learn-vite-vue",
  "version": "0.0.0",
  "lockfileVersion": 1,
  "requires": true,
  "dependencies": {
    "@babel/parser": {
      "version": "7.20.15",
      "resolved": "https://pkg.geely.com/artifactory/api/npm/npm/@babel/parser/-/parser-7.20.15.tgz",
      "integrity": "sha1-7snzbY6vCUi7iMh6RnhLXun9DIk="
    },
    "@babel/runtime": {
      "version": "7.20.13",
      "resolved": "https://pkg.geely.com/artifactory/api/npm/npm/@babel/runtime/-/runtime-7.20.13.tgz",
      "integrity": "sha1-cFWrinz/K49gWL9q5F/4StKt7Us=",
      "requires": {
        "regenerator-runtime": "^0.13.11"
      }
    },
    "@esbuild/android-arm": {
      "version": "0.16.17",
      "resolved": "https://pkg.geely.com/artifactory/api/npm/npm/@esbuild/android-arm/-/android-arm-0.16.17.tgz",
      "integrity": "sha1-AltiRtP2i3u6qXBpFE+1+3Dy//I=",
      "dev": true,
      "optional": true
    },
    "@esbuild/android-arm64": {
      "version": "0.16.17",
      "resolved": "https://pkg.geely.com/artifactory/api/npm/npm/@esbuild/android-arm64/-/android-arm64-0.16.17.tgz",
      "integrity": "sha1-z5HobfEnqj0UF0Ttr8ugq9xXfSM=",
      "dev": true,
      "optional": true
    },
    "@esbuild/android-x64": {
      "version": "0.16.17",
      "resolved": "https://pkg.geely.com/artifactory/api/npm/npm/@esbuild/android-x64/-/android-x64-0.16.17.tgz",
      "integrity": "sha1-yCDg/vmC+ZqFxLi/3VgoNfBM2W4=",
      "dev": true,
      "optional": true
    },
    "@esbuild/darwin-arm64": {
      "version": "0.16.17",
      "resolved": "https://pkg.geely.com/artifactory/api/npm/npm/@esbuild/darwin-arm64/-/darwin-arm64-0.16.17.tgz",
      "integrity": "sha1-7e9Eh69rIa+runvlEywm0iN5siA=",
      "dev": true,
      "optional": true
    },
    "@esbuild/darwin-x64": {
      "version": "0.16.17",
      "resolved": "https://pkg.geely.com/artifactory/api/npm/npm/@esbuild/darwin-x64/-/darwin-x64-0.16.17.tgz",
      "integrity": "sha1-QoKRaHMAccQe8NAo2DGe6g4pBLQ=",
      "dev": true,
      "optional": true
    },
    "@esbuild/freebsd-arm64": {
      "version": "0.16.17",
      "resolved": "https://pkg.geely.com/artifactory/api/npm/npm/@esbuild/freebsd-arm64/-/freebsd-arm64-0.16.17.tgz",
      "integrity": "sha1-H0r0iL/H6c7QQgcDTTmOeTtXCic=",
      "dev": true,
      "optional": true
    },
    "@esbuild/freebsd-x64": {
      "version": "0.16.17",
      "resolved": "https://pkg.geely.com/artifactory/api/npm/npm/@esbuild/freebsd-x64/-/freebsd-x64-0.16.17.tgz",
      "integrity": "sha1-Y2MG8Z6byYHgaqHXdzAtrY/dr3I=",
      "dev": true,
      "optional": true
    },
    "@esbuild/linux-arm": {
      "version": "0.16.17",
      "resolved": "https://pkg.geely.com/artifactory/api/npm/npm/@esbuild/linux-arm/-/linux-arm-0.16.17.tgz",
      "integrity": "sha1-tZHmpZ2cT+DurdSHSxV6t4z18ZY=",
      "dev": true,
      "optional": true
    },
    "@esbuild/linux-arm64": {
      "version": "0.16.17",
      "resolved": "https://pkg.geely.com/artifactory/api/npm/npm/@esbuild/linux-arm64/-/linux-arm64-0.16.17.tgz",
      "integrity": "sha1-oAP3/yN8UB4JXU86CeWPx7JaSso=",
      "dev": true,
      "optional": true
    },
    "@esbuild/linux-ia32": {
      "version": "0.16.17",
      "resolved": "https://pkg.geely.com/artifactory/api/npm/npm/@esbuild/linux-ia32/-/linux-ia32-0.16.17.tgz",
      "integrity": "sha1-JDM6EQJ+9GoY9XAZRQpRiJGOKlQ=",
      "dev": true,
      "optional": true
    },
    "@esbuild/linux-loong64": {
      "version": "0.16.17",
      "resolved": "https://pkg.geely.com/artifactory/api/npm/npm/@esbuild/linux-loong64/-/linux-loong64-0.16.17.tgz",
      "integrity": "sha1-1a1FnUHtQrvU0AUlazGILsUiJ9g=",
      "dev": true,
      "optional": true
    },
    "@esbuild/linux-mips64el": {
      "version": "0.16.17",
      "resolved": "https://pkg.geely.com/artifactory/api/npm/npm/@esbuild/linux-mips64el/-/linux-mips64el-0.16.17.tgz",
      "integrity": "sha1-TllnpmXDg2CwqCBVlDd9Tc+cNyY=",
      "dev": true,
      "optional": true
    },
    "@esbuild/linux-ppc64": {
      "version": "0.16.17",
      "resolved": "https://pkg.geely.com/artifactory/api/npm/npm/@esbuild/linux-ppc64/-/linux-ppc64-0.16.17.tgz",
      "integrity": "sha1-IGRDoC61aPn98LQ4+9R9Juc1r8g=",
      "dev": true,
      "optional": true
    },
    "@esbuild/linux-riscv64": {
      "version": "0.16.17",
      "resolved": "https://pkg.geely.com/artifactory/api/npm/npm/@esbuild/linux-riscv64/-/linux-riscv64-0.16.17.tgz",
      "integrity": "sha1-w1HkM9AJvyVueYrQSBUsjXbaL8k=",
      "dev": true,
      "optional": true
    },
    "@esbuild/linux-s390x": {
      "version": "0.16.17",
      "resolved": "https://pkg.geely.com/artifactory/api/npm/npm/@esbuild/linux-s390x/-/linux-s390x-0.16.17.tgz",
      "integrity": "sha1-Zh8nHl1ZYVuEtoAdHCEjrRPZvYc=",
      "dev": true,
      "optional": true
    },
    "@esbuild/linux-x64": {
      "version": "0.16.17",
      "resolved": "https://pkg.geely.com/artifactory/api/npm/npm/@esbuild/linux-x64/-/linux-x64-0.16.17.tgz",
      "integrity": "sha1-5LoY6LFJqJyYI1FEOjd8cjdiuF8=",
      "dev": true,
      "optional": true
    },
    "@esbuild/netbsd-x64": {
      "version": "0.16.17",
      "resolved": "https://pkg.geely.com/artifactory/api/npm/npm/@esbuild/netbsd-x64/-/netbsd-x64-0.16.17.tgz",
      "integrity": "sha1-fU9AQeMMXAfdJP+ilcc/BgOOx3U=",
      "dev": true,
      "optional": true
    },
    "@esbuild/openbsd-x64": {
      "version": "0.16.17",
      "resolved": "https://pkg.geely.com/artifactory/api/npm/npm/@esbuild/openbsd-x64/-/openbsd-x64-0.16.17.tgz",
      "integrity": "sha1-lw+n+EcGgfPmsdsMxCGkr4Bg7DU=",
      "dev": true,
      "optional": true
    },
    "@esbuild/sunos-x64": {
      "version": "0.16.17",
      "resolved": "https://pkg.geely.com/artifactory/api/npm/npm/@esbuild/sunos-x64/-/sunos-x64-0.16.17.tgz",
      "integrity": "sha1-q8YOfEq/i4n7ek/mmhSEEyI4Aiw=",
      "dev": true,
      "optional": true
    },
    "@esbuild/win32-arm64": {
      "version": "0.16.17",
      "resolved": "https://pkg.geely.com/artifactory/api/npm/npm/@esbuild/win32-arm64/-/win32-arm64-0.16.17.tgz",
      "integrity": "sha1-ew/56MMmVTenp7H9miTnvTn82Ho=",
      "dev": true,
      "optional": true
    },
    "@esbuild/win32-ia32": {
      "version": "0.16.17",
      "resolved": "https://pkg.geely.com/artifactory/api/npm/npm/@esbuild/win32-ia32/-/win32-ia32-0.16.17.tgz",
      "integrity": "sha1-6Q/lJn1xp7dWev3EA9/RmMKS6wk=",
      "dev": true,
      "optional": true
    },
    "@esbuild/win32-x64": {
      "version": "0.16.17",
      "resolved": "https://pkg.geely.com/artifactory/api/npm/npm/@esbuild/win32-x64/-/win32-x64-0.16.17.tgz",
      "integrity": "sha1-xaGkv+G1fww+YbKYg1JcbaPlwJE=",
      "dev": true,
      "optional": true
    },
    "@vitejs/plugin-vue": {
      "version": "4.0.0",
      "resolved": "https://pkg.geely.com/artifactory/api/npm/npm/@vitejs/plugin-vue/-/plugin-vue-4.0.0.tgz",
      "integrity": "sha1-k4Fb7/0j20YojHhzUqjqMaDAPl4=",
      "dev": true
    },
    "@volar/language-core": {
      "version": "1.0.24",
      "resolved": "https://pkg.geely.com/artifactory/api/npm/npm/@volar/language-core/-/language-core-1.0.24.tgz",
      "integrity": "sha1-XXZ1ced3KEZGNeYa8d68qUSBH+A=",
      "dev": true,
      "requires": {
        "@volar/source-map": "1.0.24",
        "muggle-string": "^0.1.0"
      }
    },
    "@volar/source-map": {
      "version": "1.0.24",
      "resolved": "https://pkg.geely.com/artifactory/api/npm/npm/@volar/source-map/-/source-map-1.0.24.tgz",
      "integrity": "sha1-rUyCf+pcJrS/OKhtmD5962Wxxh4=",
      "dev": true,
      "requires": {
        "muggle-string": "^0.1.0"
      }
    },
    "@volar/typescript": {
      "version": "1.0.24",
      "resolved": "https://pkg.geely.com/artifactory/api/npm/npm/@volar/typescript/-/typescript-1.0.24.tgz",
      "integrity": "sha1-+TTtqXdLMavf9T78Vngs0mI3I9U=",
      "dev": true,
      "requires": {
        "@volar/language-core": "1.0.24"
      }
    },
    "@volar/vue-language-core": {
      "version": "1.0.24",
      "resolved": "https://pkg.geely.com/artifactory/api/npm/npm/@volar/vue-language-core/-/vue-language-core-1.0.24.tgz",
      "integrity": "sha1-gdGAqOCaU8tXXoOst5oxSTiRoaQ=",
      "dev": true,
      "requires": {
        "@volar/language-core": "1.0.24",
        "@volar/source-map": "1.0.24",
        "@vue/compiler-dom": "^3.2.45",
        "@vue/compiler-sfc": "^3.2.45",
        "@vue/reactivity": "^3.2.45",
        "@vue/shared": "^3.2.45",
        "minimatch": "^5.1.1",
        "vue-template-compiler": "^2.7.14"
      }
    },
    "@volar/vue-typescript": {
      "version": "1.0.24",
      "resolved": "https://pkg.geely.com/artifactory/api/npm/npm/@volar/vue-typescript/-/vue-typescript-1.0.24.tgz",
      "integrity": "sha1-vvmyv7GxCMD2yxLsb79Em0P8glc=",
      "dev": true,
      "requires": {
        "@volar/typescript": "1.0.24",
        "@volar/vue-language-core": "1.0.24"
      }
    },
    "@vue/compiler-core": {
      "version": "3.2.47",
      "resolved": "https://pkg.geely.com/artifactory/api/npm/npm/@vue/compiler-core/-/compiler-core-3.2.47.tgz",
      "integrity": "sha1-PgfGhNdIl6yapZIsUgdB8wKSZ/g=",
      "requires": {
        "@babel/parser": "^7.16.4",
        "@vue/shared": "3.2.47",
        "estree-walker": "^2.0.2",
        "source-map": "^0.6.1"
      }
    },
    "@vue/compiler-dom": {
      "version": "3.2.47",
      "resolved": "https://pkg.geely.com/artifactory/api/npm/npm/@vue/compiler-dom/-/compiler-dom-3.2.47.tgz",
      "integrity": "sha1-oLBsr373BWk55WPcqpy94weU8wU=",
      "requires": {
        "@vue/compiler-core": "3.2.47",
        "@vue/shared": "3.2.47"
      }
    },
    "@vue/compiler-sfc": {
      "version": "3.2.47",
      "resolved": "https://pkg.geely.com/artifactory/api/npm/npm/@vue/compiler-sfc/-/compiler-sfc-3.2.47.tgz",
      "integrity": "sha1-G9w29s3BZD9y4sOX6xo5j1AErT0=",
      "requires": {
        "@babel/parser": "^7.16.4",
        "@vue/compiler-core": "3.2.47",
        "@vue/compiler-dom": "3.2.47",
        "@vue/compiler-ssr": "3.2.47",
        "@vue/reactivity-transform": "3.2.47",
        "@vue/shared": "3.2.47",
        "estree-walker": "^2.0.2",
        "magic-string": "^0.25.7",
        "postcss": "^8.1.10",
        "source-map": "^0.6.1"
      }
    },
    "@vue/compiler-ssr": {
      "version": "3.2.47",
      "resolved": "https://pkg.geely.com/artifactory/api/npm/npm/@vue/compiler-ssr/-/compiler-ssr-3.2.47.tgz",
      "integrity": "sha1-NYcsAaJzqsTWBwq52NqRirEwV+4=",
      "requires": {
        "@vue/compiler-dom": "3.2.47",
        "@vue/shared": "3.2.47"
      }
    },
    "@vue/devtools-api": {
      "version": "6.5.0",
      "resolved": "https://pkg.geely.com/artifactory/api/npm/npm/@vue/devtools-api/-/devtools-api-6.5.0.tgz",
      "integrity": "sha1-mLmUJe3ucLTJkmkmKPoeosHlfQc="
    },
    "@vue/reactivity": {
      "version": "3.2.47",
      "resolved": "https://pkg.geely.com/artifactory/api/npm/npm/@vue/reactivity/-/reactivity-3.2.47.tgz",
      "integrity": "sha1-HWOZB06t/D7TXHJ+L9cH1ogRQLY=",
      "requires": {
        "@vue/shared": "3.2.47"
      }
    },
    "@vue/reactivity-transform": {
      "version": "3.2.47",
      "resolved": "https://pkg.geely.com/artifactory/api/npm/npm/@vue/reactivity-transform/-/reactivity-transform-3.2.47.tgz",
      "integrity": "sha1-5F300GNw+KvykIGhav0lz/um2E4=",
      "requires": {
        "@babel/parser": "^7.16.4",
        "@vue/compiler-core": "3.2.47",
        "@vue/shared": "3.2.47",
        "estree-walker": "^2.0.2",
        "magic-string": "^0.25.7"
      }
    },
    "@vue/runtime-core": {
      "version": "3.2.47",
      "resolved": "https://pkg.geely.com/artifactory/api/npm/npm/@vue/runtime-core/-/runtime-core-3.2.47.tgz",
      "integrity": "sha1-QG663j1VUcAPxkCbvB7rEPMuEh0=",
      "requires": {
        "@vue/reactivity": "3.2.47",
        "@vue/shared": "3.2.47"
      }
    },
    "@vue/runtime-dom": {
      "version": "3.2.47",
      "resolved": "https://pkg.geely.com/artifactory/api/npm/npm/@vue/runtime-dom/-/runtime-dom-3.2.47.tgz",
      "integrity": "sha1-k+dg7q6rhN7ft8Pq8+1Y13Ypk4I=",
      "requires": {
        "@vue/runtime-core": "3.2.47",
        "@vue/shared": "3.2.47",
        "csstype": "^2.6.8"
      }
    },
    "@vue/server-renderer": {
      "version": "3.2.47",
      "resolved": "https://pkg.geely.com/artifactory/api/npm/npm/@vue/server-renderer/-/server-renderer-3.2.47.tgz",
      "integrity": "sha1-iqHRhx/E61p4Uap/dB+PcA5t48A=",
      "requires": {
        "@vue/compiler-ssr": "3.2.47",
        "@vue/shared": "3.2.47"
      }
    },
    "@vue/shared": {
      "version": "3.2.47",
      "resolved": "https://pkg.geely.com/artifactory/api/npm/npm/@vue/shared/-/shared-3.2.47.tgz",
      "integrity": "sha1-5ZfvdQhsbolv9UeKa/wKeqS70Uw="
    },
    "ansi-regex": {
      "version": "5.0.1",
      "resolved": "https://pkg.geely.com/artifactory/api/npm/npm/ansi-regex/-/ansi-regex-5.0.1.tgz",
      "integrity": "sha1-CCyyyJyf6GWaMRpTvWpNxTAdswQ=",
      "dev": true
    },
    "ansi-styles": {
      "version": "4.3.0",
      "resolved": "https://pkg.geely.com/artifactory/api/npm/npm/ansi-styles/-/ansi-styles-4.3.0.tgz",
      "integrity": "sha1-7dgDYornHATIWuegkG7a00tkiTc=",
      "dev": true,
      "requires": {
        "color-convert": "^2.0.1"
      }
    },
    "anymatch": {
      "version": "3.1.3",
      "resolved": "https://pkg.geely.com/artifactory/api/npm/npm/anymatch/-/anymatch-3.1.3.tgz",
      "integrity": "sha1-eQxYsZuhcgqEIFtXxhjVrYUklz4=",
      "dev": true,
      "requires": {
        "normalize-path": "^3.0.0",
        "picomatch": "^2.0.4"
      }
    },
    "balanced-match": {
      "version": "1.0.2",
      "resolved": "https://pkg.geely.com/artifactory/api/npm/npm/balanced-match/-/balanced-match-1.0.2.tgz",
      "integrity": "sha1-6D46fj8wCzTLnYf2FfoMvzV2kO4=",
      "dev": true
    },
    "binary-extensions": {
      "version": "2.2.0",
      "resolved": "https://pkg.geely.com/artifactory/api/npm/npm/binary-extensions/-/binary-extensions-2.2.0.tgz",
      "integrity": "sha1-dfUC7q+f/eQvyYgpZFvk6na9ni0=",
      "dev": true
    },
    "brace-expansion": {
      "version": "2.0.1",
      "resolved": "https://pkg.geely.com/artifactory/api/npm/npm/brace-expansion/-/brace-expansion-2.0.1.tgz",
      "integrity": "sha1-HtxFng8MVISG7Pn8mfIiE2S5oK4=",
      "dev": true,
      "requires": {
        "balanced-match": "^1.0.0"
      }
    },
    "braces": {
      "version": "3.0.2",
      "resolved": "https://pkg.geely.com/artifactory/api/npm/npm/braces/-/braces-3.0.2.tgz",
      "integrity": "sha1-NFThpGLujVmeI23zNs2epPiv4Qc=",
      "dev": true,
      "requires": {
        "fill-range": "^7.0.1"
      }
    },
    "chokidar": {
      "version": "3.5.3",
      "resolved": "https://pkg.geely.com/artifactory/api/npm/npm/chokidar/-/chokidar-3.5.3.tgz",
      "integrity": "sha1-HPN8hwe5Mr0a8a4iwEMuKs0ZA70=",
      "dev": true,
      "requires": {
        "anymatch": "~3.1.2",
        "braces": "~3.0.2",
        "fsevents": "~2.3.2",
        "glob-parent": "~5.1.2",
        "is-binary-path": "~2.1.0",
        "is-glob": "~4.0.1",
        "normalize-path": "~3.0.0",
        "readdirp": "~3.6.0"
      }
    },
    "cliui": {
      "version": "8.0.1",
      "resolved": "https://pkg.geely.com/artifactory/api/npm/npm/cliui/-/cliui-8.0.1.tgz",
      "integrity": "sha1-DASwddsCy/5g3I5s8vVIaxo2CKo=",
      "dev": true,
      "requires": {
        "string-width": "^4.2.0",
        "strip-ansi": "^6.0.1",
        "wrap-ansi": "^7.0.0"
      }
    },
    "color-convert": {
      "version": "2.0.1",
      "resolved": "https://pkg.geely.com/artifactory/api/npm/npm/color-convert/-/color-convert-2.0.1.tgz",
      "integrity": "sha1-ctOmjVmMm9s68q0ehPIdiWq9TeM=",
      "dev": true,
      "requires": {
        "color-name": "~1.1.4"
      }
    },
    "color-name": {
      "version": "1.1.4",
      "resolved": "https://pkg.geely.com/artifactory/api/npm/npm/color-name/-/color-name-1.1.4.tgz",
      "integrity": "sha1-wqCah6y95pVD3m9j+jmVyCbFNqI=",
      "dev": true
    },
    "copy-text-to-clipboard": {
      "version": "3.0.1",
      "resolved": "https://pkg.geely.com/artifactory/api/npm/npm/copy-text-to-clipboard/-/copy-text-to-clipboard-3.0.1.tgz",
      "integrity": "sha1-jL+PkOCkfxLkokdDc2Jl0Ve85pw="
    },
    "core-js": {
      "version": "3.27.2",
      "resolved": "https://pkg.geely.com/artifactory/api/npm/npm/core-js/-/core-js-3.27.2.tgz",
      "integrity": "sha1-hbNUU6Qkq9ysuXR0eXgV9NYuu/c="
    },
    "csstype": {
      "version": "2.6.21",
      "resolved": "https://pkg.geely.com/artifactory/api/npm/npm/csstype/-/csstype-2.6.21.tgz",
      "integrity": "sha1-LvuFt8xVyAAXxmpa18vZMf2jqQ4="
    },
    "de-indent": {
      "version": "1.0.2",
      "resolved": "https://pkg.geely.com/artifactory/api/npm/npm/de-indent/-/de-indent-1.0.2.tgz",
      "integrity": "sha1-sgOOhG3DO6pXlhKNCAS0VbjB4h0=",
      "dev": true
    },
    "define-lazy-prop": {
      "version": "2.0.0",
      "resolved": "https://pkg.geely.com/artifactory/api/npm/npm/define-lazy-prop/-/define-lazy-prop-2.0.0.tgz",
      "integrity": "sha1-P3rkIRKbyqrJvHSQXJigAJ7J7n8=",
      "dev": true
    },
    "emoji-regex": {
      "version": "8.0.0",
      "resolved": "https://pkg.geely.com/artifactory/api/npm/npm/emoji-regex/-/emoji-regex-8.0.0.tgz",
      "integrity": "sha1-6Bj9ac5cz8tARZT4QpY79TFkzDc=",
      "dev": true
    },
    "esbuild": {
      "version": "0.16.17",
      "resolved": "https://pkg.geely.com/artifactory/api/npm/npm/esbuild/-/esbuild-0.16.17.tgz",
      "integrity": "sha1-/Cw5FMV+51BjX+5xuJ9hXyUGUlk=",
      "dev": true,
      "requires": {
        "@esbuild/android-arm": "0.16.17",
        "@esbuild/android-arm64": "0.16.17",
        "@esbuild/android-x64": "0.16.17",
        "@esbuild/darwin-arm64": "0.16.17",
        "@esbuild/darwin-x64": "0.16.17",
        "@esbuild/freebsd-arm64": "0.16.17",
        "@esbuild/freebsd-x64": "0.16.17",
        "@esbuild/linux-arm": "0.16.17",
        "@esbuild/linux-arm64": "0.16.17",
        "@esbuild/linux-ia32": "0.16.17",
        "@esbuild/linux-loong64": "0.16.17",
        "@esbuild/linux-mips64el": "0.16.17",
        "@esbuild/linux-ppc64": "0.16.17",
        "@esbuild/linux-riscv64": "0.16.17",
        "@esbuild/linux-s390x": "0.16.17",
        "@esbuild/linux-x64": "0.16.17",
        "@esbuild/netbsd-x64": "0.16.17",
        "@esbuild/openbsd-x64": "0.16.17",
        "@esbuild/sunos-x64": "0.16.17",
        "@esbuild/win32-arm64": "0.16.17",
        "@esbuild/win32-ia32": "0.16.17",
        "@esbuild/win32-x64": "0.16.17"
      }
    },
    "escalade": {
      "version": "3.1.1",
      "resolved": "https://pkg.geely.com/artifactory/api/npm/npm/escalade/-/escalade-3.1.1.tgz",
      "integrity": "sha1-2M/ccACWXFoBdLSoLqpcBVJ0LkA=",
      "dev": true
    },
    "estree-walker": {
      "version": "2.0.2",
      "resolved": "https://pkg.geely.com/artifactory/api/npm/npm/estree-walker/-/estree-walker-2.0.2.tgz",
      "integrity": "sha1-UvAQF4wqTBF6d1fP6UKtt9LaTKw="
    },
    "fill-range": {
      "version": "7.0.1",
      "resolved": "https://pkg.geely.com/artifactory/api/npm/npm/fill-range/-/fill-range-7.0.1.tgz",
      "integrity": "sha1-GRmmp8df44ssfHflGYU12prN2kA=",
      "dev": true,
      "requires": {
        "to-regex-range": "^5.0.1"
      }
    },
    "fsevents": {
      "version": "2.3.2",
      "resolved": "https://pkg.geely.com/artifactory/api/npm/npm/fsevents/-/fsevents-2.3.2.tgz",
      "integrity": "sha1-ilJveLj99GI7cJ4Ll1xSwkwC/Ro=",
      "dev": true,
      "optional": true
    },
    "function-bind": {
      "version": "1.1.1",
      "resolved": "https://pkg.geely.com/artifactory/api/npm/npm/function-bind/-/function-bind-1.1.1.tgz",
      "integrity": "sha1-pWiZ0+o8m6uHS7l3O3xe3pL0iV0=",
      "dev": true
    },
    "get-caller-file": {
      "version": "2.0.5",
      "resolved": "https://pkg.geely.com/artifactory/api/npm/npm/get-caller-file/-/get-caller-file-2.0.5.tgz",
      "integrity": "sha1-T5RBKoLbMvNuOwuXQfipf+sDH34=",
      "dev": true
    },
    "glob-parent": {
      "version": "5.1.2",
      "resolved": "https://pkg.geely.com/artifactory/api/npm/npm/glob-parent/-/glob-parent-5.1.2.tgz",
      "integrity": "sha1-hpgyxYA0/mikCTwX3BXoNA2EAcQ=",
      "dev": true,
      "requires": {
        "is-glob": "^4.0.1"
      }
    },
    "has": {
      "version": "1.0.3",
      "resolved": "https://pkg.geely.com/artifactory/api/npm/npm/has/-/has-1.0.3.tgz",
      "integrity": "sha1-ci18v8H2qoJB8W3YFOAR4fQeh5Y=",
      "dev": true,
      "requires": {
        "function-bind": "^1.1.1"
      }
    },
    "he": {
      "version": "1.2.0",
      "resolved": "https://pkg.geely.com/artifactory/api/npm/npm/he/-/he-1.2.0.tgz",
      "integrity": "sha1-hK5l+n6vsWX922FWauFLrwVmTw8=",
      "dev": true
    },
    "immutable": {
      "version": "4.2.4",
      "resolved": "https://pkg.geely.com/artifactory/api/npm/npm/immutable/-/immutable-4.2.4.tgz",
      "integrity": "sha1-gyYNUIiVJrS1MaXik3Cad/fFWio=",
      "dev": true
    },
    "is-binary-path": {
      "version": "2.1.0",
      "resolved": "https://pkg.geely.com/artifactory/api/npm/npm/is-binary-path/-/is-binary-path-2.1.0.tgz",
      "integrity": "sha1-6h9/O4DwZCNug0cPhsCcJU+0Wwk=",
      "dev": true,
      "requires": {
        "binary-extensions": "^2.0.0"
      }
    },
    "is-core-module": {
      "version": "2.11.0",
      "resolved": "https://pkg.geely.com/artifactory/api/npm/npm/is-core-module/-/is-core-module-2.11.0.tgz",
      "integrity": "sha1-rUyz44Y+gUUjyW8/WNJsxXD/AUQ=",
      "dev": true,
      "requires": {
        "has": "^1.0.3"
      }
    },
    "is-docker": {
      "version": "2.2.1",
      "resolved": "https://pkg.geely.com/artifactory/api/npm/npm/is-docker/-/is-docker-2.2.1.tgz",
      "integrity": "sha1-M+6r4jz+hvFL3kQIoCwM+4U6zao=",
      "dev": true
    },
    "is-extglob": {
      "version": "2.1.1",
      "resolved": "https://pkg.geely.com/artifactory/api/npm/npm/is-extglob/-/is-extglob-2.1.1.tgz",
      "integrity": "sha1-qIwCU1eR8C7TfHahueqXc8gz+MI=",
      "dev": true
    },
    "is-fullwidth-code-point": {
      "version": "3.0.0",
      "resolved": "https://pkg.geely.com/artifactory/api/npm/npm/is-fullwidth-code-point/-/is-fullwidth-code-point-3.0.0.tgz",
      "integrity": "sha1-8Rb4Bk/pCz94RKOJl8C3UFEmnx0=",
      "dev": true
    },
    "is-glob": {
      "version": "4.0.3",
      "resolved": "https://pkg.geely.com/artifactory/api/npm/npm/is-glob/-/is-glob-4.0.3.tgz",
      "integrity": "sha1-ZPYeQsu7LuwgcanawLKLoeZdUIQ=",
      "dev": true,
      "requires": {
        "is-extglob": "^2.1.1"
      }
    },
    "is-number": {
      "version": "7.0.0",
      "resolved": "https://pkg.geely.com/artifactory/api/npm/npm/is-number/-/is-number-7.0.0.tgz",
      "integrity": "sha1-dTU0W4lnNNX4DE0GxQlVUnoU8Ss=",
      "dev": true
    },
    "is-wsl": {
      "version": "2.2.0",
      "resolved": "https://pkg.geely.com/artifactory/api/npm/npm/is-wsl/-/is-wsl-2.2.0.tgz",
      "integrity": "sha1-dKTHbnfKn9P5MvKQwX6jJs0VcnE=",
      "dev": true,
      "requires": {
        "is-docker": "^2.0.0"
      }
    },
    "magic-string": {
      "version": "0.25.9",
      "resolved": "https://pkg.geely.com/artifactory/api/npm/npm/magic-string/-/magic-string-0.25.9.tgz",
      "integrity": "sha1-3n+fr5HvihyR0CwuUxTIJ3283Rw=",
      "requires": {
        "sourcemap-codec": "^1.4.8"
      }
    },
    "minimatch": {
      "version": "5.1.6",
      "resolved": "https://pkg.geely.com/artifactory/api/npm/npm/minimatch/-/minimatch-5.1.6.tgz",
      "integrity": "sha1-HPy4z1Ui6mmVLNKvla4JR38SKpY=",
      "dev": true,
      "requires": {
        "brace-expansion": "^2.0.1"
      }
    },
    "muggle-string": {
      "version": "0.1.0",
      "resolved": "https://pkg.geely.com/artifactory/api/npm/npm/muggle-string/-/muggle-string-0.1.0.tgz",
      "integrity": "sha1-H9qKKByLJ7uLcEZtvJ8nWGqLqmw=",
      "dev": true
    },
    "mutation-observer": {
      "version": "1.0.3",
      "resolved": "https://pkg.geely.com/artifactory/api/npm/npm/mutation-observer/-/mutation-observer-1.0.3.tgz",
      "integrity": "sha1-QukiKxAbyoLlup1aes9KFMDyY9A="
    },
    "nanoid": {
      "version": "3.3.4",
      "resolved": "https://pkg.geely.com/artifactory/api/npm/npm/nanoid/-/nanoid-3.3.4.tgz",
      "integrity": "sha1-cwtn480J4t6s8DwCfIHJ2dvF6Ks="
    },
    "normalize-path": {
      "version": "3.0.0",
      "resolved": "https://pkg.geely.com/artifactory/api/npm/npm/normalize-path/-/normalize-path-3.0.0.tgz",
      "integrity": "sha1-Dc1p/yOhybEf0JeDFmRKA4ghamU=",
      "dev": true
    },
    "open": {
      "version": "8.4.1",
      "resolved": "https://pkg.geely.com/artifactory/api/npm/npm/open/-/open-8.4.1.tgz",
      "integrity": "sha1-KrN1TAf10fmaeo1qgnN8leMQHP8=",
      "dev": true,
      "requires": {
        "define-lazy-prop": "^2.0.0",
        "is-docker": "^2.1.1",
        "is-wsl": "^2.2.0"
      }
    },
    "path-parse": {
      "version": "1.0.7",
      "resolved": "https://pkg.geely.com/artifactory/api/npm/npm/path-parse/-/path-parse-1.0.7.tgz",
      "integrity": "sha1-+8EUtgykKzDZ2vWFjkvWi77bZzU=",
      "dev": true
    },
    "picocolors": {
      "version": "1.0.0",
      "resolved": "https://pkg.geely.com/artifactory/api/npm/npm/picocolors/-/picocolors-1.0.0.tgz",
      "integrity": "sha1-y1vcdP8/UYkiNur3nWi8RFZKuBw="
    },
    "picomatch": {
      "version": "2.3.1",
      "resolved": "https://pkg.geely.com/artifactory/api/npm/npm/picomatch/-/picomatch-2.3.1.tgz",
      "integrity": "sha1-O6ODNzNkbZ0+SZWUbBNlpn+wekI=",
      "dev": true
    },
    "postcss": {
      "version": "8.4.21",
      "resolved": "https://pkg.geely.com/artifactory/api/npm/npm/postcss/-/postcss-8.4.21.tgz",
      "integrity": "sha1-xjm3GaV+/DGHsToddlZ1SF9BNPQ=",
      "requires": {
        "nanoid": "^3.3.4",
        "picocolors": "^1.0.0",
        "source-map-js": "^1.0.2"
      }
    },
    "readdirp": {
      "version": "3.6.0",
      "resolved": "https://pkg.geely.com/artifactory/api/npm/npm/readdirp/-/readdirp-3.6.0.tgz",
      "integrity": "sha1-dKNwvYVxFuJFspzJc0DNQxoCpsc=",
      "dev": true,
      "requires": {
        "picomatch": "^2.2.1"
      }
    },
    "regenerator-runtime": {
      "version": "0.13.11",
      "resolved": "https://pkg.geely.com/artifactory/api/npm/npm/regenerator-runtime/-/regenerator-runtime-0.13.11.tgz",
      "integrity": "sha1-9tyj587sIFkNB62nhWNqkM3KF/k="
    },
    "require-directory": {
      "version": "2.1.1",
      "resolved": "https://pkg.geely.com/artifactory/api/npm/npm/require-directory/-/require-directory-2.1.1.tgz",
      "integrity": "sha1-jGStX9MNqxyXbiNE/+f3kqam30I=",
      "dev": true
    },
    "resolve": {
      "version": "1.22.1",
      "resolved": "https://pkg.geely.com/artifactory/api/npm/npm/resolve/-/resolve-1.22.1.tgz",
      "integrity": "sha1-J8suu1P5GrtJRwqSi7p1WAZqwXc=",
      "dev": true,
      "requires": {
        "is-core-module": "^2.9.0",
        "path-parse": "^1.0.7",
        "supports-preserve-symlinks-flag": "^1.0.0"
      }
    },
    "rollup": {
      "version": "3.12.1",
      "resolved": "https://pkg.geely.com/artifactory/api/npm/npm/rollup/-/rollup-3.12.1.tgz",
      "integrity": "sha1-KXW5dxPkr5jBXnAkuIKS1/3bOFM=",
      "dev": true,
      "requires": {
        "fsevents": "~2.3.2"
      }
    },
    "rollup-plugin-visualizer": {
      "version": "5.9.0",
      "resolved": "https://pkg.geely.com/artifactory/api/npm/npm/rollup-plugin-visualizer/-/rollup-plugin-visualizer-5.9.0.tgz",
      "integrity": "sha1-ATrFT7ap18kBnn63fs7WczmeWgs=",
      "dev": true,
      "requires": {
        "open": "^8.4.0",
        "picomatch": "^2.3.1",
        "source-map": "^0.7.4",
        "yargs": "^17.5.1"
      },
      "dependencies": {
        "source-map": {
          "version": "0.7.4",
          "resolved": "https://pkg.geely.com/artifactory/api/npm/npm/source-map/-/source-map-0.7.4.tgz",
          "integrity": "sha1-qbvnBcnYhG9OCP9nZazw8bCJhlY=",
          "dev": true
        }
      }
    },
    "sass": {
      "version": "1.58.0",
      "resolved": "https://pkg.geely.com/artifactory/api/npm/npm/sass/-/sass-1.58.0.tgz",
      "integrity": "sha1-7orqOtXqXEhcJrMJbi32CH0Lscw=",
      "dev": true,
      "requires": {
        "chokidar": ">=3.0.0 <4.0.0",
        "immutable": "^4.0.0",
        "source-map-js": ">=0.6.2 <2.0.0"
      }
    },
    "source-map": {
      "version": "0.6.1",
      "resolved": "https://pkg.geely.com/artifactory/api/npm/npm/source-map/-/source-map-0.6.1.tgz",
      "integrity": "sha1-dHIq8y6WFOnCh6jQu95IteLxomM="
    },
    "source-map-js": {
      "version": "1.0.2",
      "resolved": "https://pkg.geely.com/artifactory/api/npm/npm/source-map-js/-/source-map-js-1.0.2.tgz",
      "integrity": "sha1-rbw2HZxi3zgBJefxYfccgm8eSQw="
    },
    "sourcemap-codec": {
      "version": "1.4.8",
      "resolved": "https://pkg.geely.com/artifactory/api/npm/npm/sourcemap-codec/-/sourcemap-codec-1.4.8.tgz",
      "integrity": "sha1-6oBL2UhXQC5pktBaOO8a41qatMQ="
    },
    "string-width": {
      "version": "4.2.3",
      "resolved": "https://pkg.geely.com/artifactory/api/npm/npm/string-width/-/string-width-4.2.3.tgz",
      "integrity": "sha1-JpxxF9J7Ba0uU2gwqOyJXvnG0BA=",
      "dev": true,
      "requires": {
        "emoji-regex": "^8.0.0",
        "is-fullwidth-code-point": "^3.0.0",
        "strip-ansi": "^6.0.1"
      }
    },
    "strip-ansi": {
      "version": "6.0.1",
      "resolved": "https://pkg.geely.com/artifactory/api/npm/npm/strip-ansi/-/strip-ansi-6.0.1.tgz",
      "integrity": "sha1-nibGPTD1NEPpSJSVshBdN7Z6hdk=",
      "dev": true,
      "requires": {
        "ansi-regex": "^5.0.1"
      }
    },
    "supports-preserve-symlinks-flag": {
      "version": "1.0.0",
      "resolved": "https://pkg.geely.com/artifactory/api/npm/npm/supports-preserve-symlinks-flag/-/supports-preserve-symlinks-flag-1.0.0.tgz",
      "integrity": "sha1-btpL00SjyUrqN21MwxvHcxEDngk=",
      "dev": true
    },
    "to-regex-range": {
      "version": "5.0.1",
      "resolved": "https://pkg.geely.com/artifactory/api/npm/npm/to-regex-range/-/to-regex-range-5.0.1.tgz",
      "integrity": "sha1-FkjESq58jZiKMmAY7XL1tN0DkuQ=",
      "dev": true,
      "requires": {
        "is-number": "^7.0.0"
      }
    },
    "typescript": {
      "version": "4.9.5",
      "resolved": "https://pkg.geely.com/artifactory/api/npm/npm/typescript/-/typescript-4.9.5.tgz",
      "integrity": "sha1-CVl5+bzA0J2jJNWNA86Pg3TL5lo=",
      "dev": true
    },
    "vconsole": {
      "version": "3.15.0",
      "resolved": "https://pkg.geely.com/artifactory/api/npm/npm/vconsole/-/vconsole-3.15.0.tgz",
      "integrity": "sha1-I4NIKwpBBiBAkARuwSgHEoTgSpA=",
      "requires": {
        "@babel/runtime": "^7.17.2",
        "copy-text-to-clipboard": "^3.0.1",
        "core-js": "^3.11.0",
        "mutation-observer": "^1.0.3"
      }
    },
    "vite": {
      "version": "4.1.1",
      "resolved": "https://pkg.geely.com/artifactory/api/npm/npm/vite/-/vite-4.1.1.tgz",
      "integrity": "sha1-Oxi4Gk6Fzj31y9v0xofZPr9ALms=",
      "dev": true,
      "requires": {
        "esbuild": "^0.16.14",
        "fsevents": "~2.3.2",
        "postcss": "^8.4.21",
        "resolve": "^1.22.1",
        "rollup": "^3.10.0"
      }
    },
    "vue": {
      "version": "3.2.47",
      "resolved": "https://pkg.geely.com/artifactory/api/npm/npm/vue/-/vue-3.2.47.tgz",
      "integrity": "sha1-Prc2y8YG/IcDjbumoVRwfIo0z/A=",
      "requires": {
        "@vue/compiler-dom": "3.2.47",
        "@vue/compiler-sfc": "3.2.47",
        "@vue/runtime-dom": "3.2.47",
        "@vue/server-renderer": "3.2.47",
        "@vue/shared": "3.2.47"
      }
    },
    "vue-router": {
      "version": "4.1.6",
      "resolved": "https://pkg.geely.com/artifactory/api/npm/npm/vue-router/-/vue-router-4.1.6.tgz",
      "integrity": "sha1-twMDc34StIFFeNIdaNIWGEaTdaE=",
      "requires": {
        "@vue/devtools-api": "^6.4.5"
      }
    },
    "vue-template-compiler": {
      "version": "2.7.14",
      "resolved": "https://pkg.geely.com/artifactory/api/npm/npm/vue-template-compiler/-/vue-template-compiler-2.7.14.tgz",
      "integrity": "sha1-RUW337iAkHRMFXeuWsP5ZOYWNLE=",
      "dev": true,
      "requires": {
        "de-indent": "^1.0.2",
        "he": "^1.2.0"
      }
    },
    "vue-tsc": {
      "version": "1.0.24",
      "resolved": "https://pkg.geely.com/artifactory/api/npm/npm/vue-tsc/-/vue-tsc-1.0.24.tgz",
      "integrity": "sha1-wLJwp8hCJAjTtmlP7mGzmkueR0A=",
      "dev": true,
      "requires": {
        "@volar/vue-language-core": "1.0.24",
        "@volar/vue-typescript": "1.0.24"
      }
    },
    "wrap-ansi": {
      "version": "7.0.0",
      "resolved": "https://pkg.geely.com/artifactory/api/npm/npm/wrap-ansi/-/wrap-ansi-7.0.0.tgz",
      "integrity": "sha1-Z+FFz/UQpqaYS98RUpEdadLrnkM=",
      "dev": true,
      "requires": {
        "ansi-styles": "^4.0.0",
        "string-width": "^4.1.0",
        "strip-ansi": "^6.0.0"
      }
    },
    "y18n": {
      "version": "5.0.8",
      "resolved": "https://pkg.geely.com/artifactory/api/npm/npm/y18n/-/y18n-5.0.8.tgz",
      "integrity": "sha1-f0k00PfKjFb5UxSTndzS3ZHOHVU=",
      "dev": true
    },
    "yargs": {
      "version": "17.6.2",
      "resolved": "https://pkg.geely.com/artifactory/api/npm/npm/yargs/-/yargs-17.6.2.tgz",
      "integrity": "sha1-LiPylE6XYzmh7gDxjHf+3ugzJUE=",
      "dev": true,
      "requires": {
        "cliui": "^8.0.1",
        "escalade": "^3.1.1",
        "get-caller-file": "^2.0.5",
        "require-directory": "^2.1.1",
        "string-width": "^4.2.3",
        "y18n": "^5.0.5",
        "yargs-parser": "^21.1.1"
      }
    },
    "yargs-parser": {
      "version": "21.1.1",
      "resolved": "https://pkg.geely.com/artifactory/api/npm/npm/yargs-parser/-/yargs-parser-21.1.1.tgz",
      "integrity": "sha1-kJa87r+ZDSG7MfqVFuDt4pSnfTU=",
      "dev": true
    }
  }
}
